// !$*UTF8*$!
{
	archiveVersion = 1;
	classes = {
	};
	objectVersion = 56;
	objects = {

/* Begin PBXBuildFile section */
		D761E6BE2C66799B00473544 /* AppDelegate.swift in Sources */ = {isa = PBXBuildFile; fileRef = D761E6BD2C66799B00473544 /* AppDelegate.swift */; };
		D761E6C02C66799B00473544 /* SceneDelegate.swift in Sources */ = {isa = PBXBuildFile; fileRef = D761E6BF2C66799B00473544 /* SceneDelegate.swift */; };
		D761E6C22C66799B00473544 /* ViewController.swift in Sources */ = {isa = PBXBuildFile; fileRef = D761E6C12C66799B00473544 /* ViewController.swift */; };
		D761E6C52C66799B00473544 /* Base in Resources */ = {isa = PBXBuildFile; fileRef = D761E6C42C66799B00473544 /* Base */; };
		D761E6C72C66799E00473544 /* Assets.xcassets in Resources */ = {isa = PBXBuildFile; fileRef = D761E6C62C66799E00473544 /* Assets.xcassets */; };
		D761E6CA2C66799E00473544 /* Base in Resources */ = {isa = PBXBuildFile; fileRef = D761E6C92C66799E00473544 /* Base */; };
		D761E6D22C6679DE00473544 /* NetworkManager.swift in Sources */ = {isa = PBXBuildFile; fileRef = D761E6D12C6679DE00473544 /* NetworkManager.swift */; };
		D761E6D42C667ED700473544 /* Presenter.swift in Sources */ = {isa = PBXBuildFile; fileRef = D761E6D32C667ED700473544 /* Presenter.swift */; };
		D761E6D82C66819500473544 /* User.swift in Sources */ = {isa = PBXBuildFile; fileRef = D761E6D72C66819500473544 /* User.swift */; };
/* End PBXBuildFile section */

/* Begin PBXFileReference section */
		D761E6BA2C66799B00473544 /* MVP Architecture.app */ = {isa = PBXFileReference; explicitFileType = wrapper.application; includeInIndex = 0; path = "MVP Architecture.app"; sourceTree = BUILT_PRODUCTS_DIR; };
		D761E6BD2C66799B00473544 /* AppDelegate.swift */ = {isa = PBXFileReference; lastKnownFileType = sourcecode.swift; path = AppDelegate.swift; sourceTree = "<group>"; };
		D761E6BF2C66799B00473544 /* SceneDelegate.swift */ = {isa = PBXFileReference; lastKnownFileType = sourcecode.swift; path = SceneDelegate.swift; sourceTree = "<group>"; };
		D761E6C12C66799B00473544 /* ViewController.swift */ = {isa = PBXFileReference; lastKnownFileType = sourcecode.swift; path = ViewController.swift; sourceTree = "<group>"; };
		D761E6C42C66799B00473544 /* Base */ = {isa = PBXFileReference; lastKnownFileType = file.storyboard; name = Base; path = Base.lproj/Main.storyboard; sourceTree = "<group>"; };
		D761E6C62C66799E00473544 /* Assets.xcassets */ = {isa = PBXFileReference; lastKnownFileType = folder.assetcatalog; path = Assets.xcassets; sourceTree = "<group>"; };
		D761E6C92C66799E00473544 /* Base */ = {isa = PBXFileReference; lastKnownFileType = file.storyboard; name = Base; path = Base.lproj/LaunchScreen.storyboard; sourceTree = "<group>"; };
		D761E6CB2C66799E00473544 /* Info.plist */ = {isa = PBXFileReference; lastKnownFileType = text.plist.xml; path = Info.plist; sourceTree = "<group>"; };
		D761E6D12C6679DE00473544 /* NetworkManager.swift */ = {isa = PBXFileReference; lastKnownFileType = sourcecode.swift; path = NetworkManager.swift; sourceTree = "<group>"; };
		D761E6D32C667ED700473544 /* Presenter.swift */ = {isa = PBXFileReference; lastKnownFileType = sourcecode.swift; path = Presenter.swift; sourceTree = "<group>"; };
		D761E6D72C66819500473544 /* User.swift */ = {isa = PBXFileReference; lastKnownFileType = sourcecode.swift; path = User.swift; sourceTree = "<group>"; };
/* End PBXFileReference section */

/* Begin PBXFrameworksBuildPhase section */
		D761E6B72C66799B00473544 /* Frameworks */ = {
			isa = PBXFrameworksBuildPhase;
			buildActionMask = 2147483647;
			files = (
			);
			runOnlyForDeploymentPostprocessing = 0;
		};
/* End PBXFrameworksBuildPhase section */

/* Begin PBXGroup section */
		D761E6B12C66799B00473544 = {
			isa = PBXGroup;
			children = (
				D761E6BC2C66799B00473544 /* MVP Architecture */,
				D761E6BB2C66799B00473544 /* Products */,
			);
			sourceTree = "<group>";
		};
		D761E6BB2C66799B00473544 /* Products */ = {
			isa = PBXGroup;
			children = (
				D761E6BA2C66799B00473544 /* MVP Architecture.app */,
			);
			name = Products;
			sourceTree = "<group>";
		};
		D761E6BC2C66799B00473544 /* MVP Architecture */ = {
			isa = PBXGroup;
			children = (
				D761E6BD2C66799B00473544 /* AppDelegate.swift */,
				D761E6BF2C66799B00473544 /* SceneDelegate.swift */,
				D761E6DB2C6681AE00473544 /* NetworkManager */,
				D761E6DA2C6681A900473544 /* MVP */,
				D761E6C32C66799B00473544 /* Main.storyboard */,
				D761E6C62C66799E00473544 /* Assets.xcassets */,
				D761E6C82C66799E00473544 /* LaunchScreen.storyboard */,
				D761E6CB2C66799E00473544 /* Info.plist */,
			);
			path = "MVP Architecture";
			sourceTree = "<group>";
		};
		D761E6D52C66818000473544 /* Presenter */ = {
			isa = PBXGroup;
			children = (
				D761E6D32C667ED700473544 /* Presenter.swift */,
			);
			path = Presenter;
			sourceTree = "<group>";
		};
		D761E6D62C66818700473544 /* Controller */ = {
			isa = PBXGroup;
			children = (
				D761E6C12C66799B00473544 /* ViewController.swift */,
			);
			path = Controller;
			sourceTree = "<group>";
		};
		D761E6D92C66819A00473544 /* Model */ = {
			isa = PBXGroup;
			children = (
				D761E6D72C66819500473544 /* User.swift */,
			);
			path = Model;
			sourceTree = "<group>";
		};
		D761E6DA2C6681A900473544 /* MVP */ = {
			isa = PBXGroup;
			children = (
				D761E6D92C66819A00473544 /* Model */,
				D761E6D62C66818700473544 /* Controller */,
				D761E6D52C66818000473544 /* Presenter */,
			);
			path = MVP;
			sourceTree = "<group>";
		};
		D761E6DB2C6681AE00473544 /* NetworkManager */ = {
			isa = PBXGroup;
			children = (
				D761E6D12C6679DE00473544 /* NetworkManager.swift */,
			);
			path = NetworkManager;
			sourceTree = "<group>";
		};
/* End PBXGroup section */

/* Begin PBXNativeTarget section */
		D761E6B92C66799B00473544 /* MVP Architecture */ = {
			isa = PBXNativeTarget;
			buildConfigurationList = D761E6CE2C66799E00473544 /* Build configuration list for PBXNativeTarget "MVP Architecture" */;
			buildPhases = (
				D761E6B62C66799B00473544 /* Sources */,
				D761E6B72C66799B00473544 /* Frameworks */,
				D761E6B82C66799B00473544 /* Resources */,
			);
			buildRules = (
			);
			dependencies = (
			);
			name = "MVP Architecture";
			productName = "MVP Architecture";
			productReference = D761E6BA2C66799B00473544 /* MVP Architecture.app */;
			productType = "com.apple.product-type.application";
		};
/* End PBXNativeTarget section */

/* Begin PBXProject section */
		D761E6B22C66799B00473544 /* Project object */ = {
			isa = PBXProject;
			attributes = {
				BuildIndependentTargetsInParallel = 1;
				LastSwiftUpdateCheck = 1540;
				LastUpgradeCheck = 1540;
				TargetAttributes = {
					D761E6B92C66799B00473544 = {
						CreatedOnToolsVersion = 15.4;
					};
				};
			};
			buildConfigurationList = D761E6B52C66799B00473544 /* Build configuration list for PBXProject "MVP Architecture" */;
			compatibilityVersion = "Xcode 14.0";
			developmentRegion = en;
			hasScannedForEncodings = 0;
			knownRegions = (
				en,
				Base,
			);
			mainGroup = D761E6B12C66799B00473544;
			productRefGroup = D761E6BB2C66799B00473544 /* Products */;
			projectDirPath = "";
			projectRoot = "";
			targets = (
				D761E6B92C66799B00473544 /* MVP Architecture */,
			);
		};
/* End PBXProject section */

/* Begin PBXResourcesBuildPhase section */
		D761E6B82C66799B00473544 /* Resources */ = {
			isa = PBXResourcesBuildPhase;
			buildActionMask = 2147483647;
			files = (
				D761E6C72C66799E00473544 /* Assets.xcassets in Resources */,
				D761E6CA2C66799E00473544 /* Base in Resources */,
				D761E6C52C66799B00473544 /* Base in Resources */,
			);
			runOnlyForDeploymentPostprocessing = 0;
		};
/* End PBXResourcesBuildPhase section */

/* Begin PBXSourcesBuildPhase section */
		D761E6B62C66799B00473544 /* Sources */ = {
			isa = PBXSourcesBuildPhase;
			buildActionMask = 2147483647;
			files = (
				D761E6D22C6679DE00473544 /* NetworkManager.swift in Sources */,
				D761E6C22C66799B00473544 /* ViewController.swift in Sources */,
				D761E6D82C66819500473544 /* User.swift in Sources */,
				D761E6BE2C66799B00473544 /* AppDelegate.swift in Sources */,
				D761E6C02C66799B00473544 /* SceneDelegate.swift in Sources */,
				D761E6D42C667ED700473544 /* Presenter.swift in Sources */,
			);
			runOnlyForDeploymentPostprocessing = 0;
		};
/* End PBXSourcesBuildPhase section */

/* Begin PBXVariantGroup section */
		D761E6C32C66799B00473544 /* Main.storyboard */ = {
			isa = PBXVariantGroup;
			children = (
				D761E6C42C66799B00473544 /* Base */,
			);
			name = Main.storyboard;
			sourceTree = "<group>";
		};
		D761E6C82C66799E00473544 /* LaunchScreen.storyboard */ = {
			isa = PBXVariantGroup;
			children = (
				D761E6C92C66799E00473544 /* Base */,
			);
			name = LaunchScreen.storyboard;
			sourceTree = "<group>";
		};
/* End PBXVariantGroup section */

/* Begin XCBuildConfiguration section */
		D761E6CC2C66799E00473544 /* Debug */ = {
			isa = XCBuildConfiguration;
			buildSettings = {
				ALWAYS_SEARCH_USER_PATHS = NO;
				ASSETCATALOG_COMPILER_GENERATE_SWIFT_ASSET_SYMBOL_EXTENSIONS = YES;
				CLANG_ANALYZER_NONNULL = YES;
				CLANG_ANALYZER_NUMBER_OBJECT_CONVERSION = YES_AGGRESSIVE;
				CLANG_CXX_LANGUAGE_STANDARD = "gnu++20";
				CLANG_ENABLE_MODULES = YES;
				CLANG_ENABLE_OBJC_ARC = YES;
				CLANG_ENABLE_OBJC_WEAK = YES;
				CLANG_WARN_BLOCK_CAPTURE_AUTORELEASING = YES;
				CLANG_WARN_BOOL_CONVERSION = YES;
				CLANG_WARN_COMMA = YES;
				CLANG_WARN_CONSTANT_CONVERSION = YES;
				CLANG_WARN_DEPRECATED_OBJC_IMPLEMENTATIONS = YES;
				CLANG_WARN_DIRECT_OBJC_ISA_USAGE = YES_ERROR;
				CLANG_WARN_DOCUMENTATION_COMMENTS = YES;
				CLANG_WARN_EMPTY_BODY = YES;
				CLANG_WARN_ENUM_CONVERSION = YES;
				CLANG_WARN_INFINITE_RECURSION = YES;
				CLANG_WARN_INT_CONVERSION = YES;
				CLANG_WARN_NON_LITERAL_NULL_CONVERSION = YES;
				CLANG_WARN_OBJC_IMPLICIT_RETAIN_SELF = YES;
				CLANG_WARN_OBJC_LITERAL_CONVERSION = YES;
				CLANG_WARN_OBJC_ROOT_CLASS = YES_ERROR;
				CLANG_WARN_QUOTED_INCLUDE_IN_FRAMEWORK_HEADER = YES;
				CLANG_WARN_RANGE_LOOP_ANALYSIS = YES;
				CLANG_WARN_STRICT_PROTOTYPES = YES;
				CLANG_WARN_SUSPICIOUS_MOVE = YES;
				CLANG_WARN_UNGUARDED_AVAILABILITY = YES_AGGRESSIVE;
				CLANG_WARN_UNREACHABLE_CODE = YES;
				CLANG_WARN__DUPLICATE_METHOD_MATCH = YES;
				COPY_PHASE_STRIP = NO;
				DEBUG_INFORMATION_FORMAT = dwarf;
				ENABLE_STRICT_OBJC_MSGSEND = YES;
				ENABLE_TESTABILITY = YES;
				ENABLE_USER_SCRIPT_SANDBOXING = YES;
				GCC_C_LANGUAGE_STANDARD = gnu17;
				GCC_DYNAMIC_NO_PIC = NO;
				GCC_NO_COMMON_BLOCKS = YES;
				GCC_OPTIMIZATION_LEVEL = 0;
				GCC_PREPROCESSOR_DEFINITIONS = (
					"DEBUG=1",
					"$(inherited)",
				);
				GCC_WARN_64_TO_32_BIT_CONVERSION = YES;
				GCC_WARN_ABOUT_RETURN_TYPE = YES_ERROR;
				GCC_WARN_UNDECLARED_SELECTOR = YES;
				GCC_WARN_UNINITIALIZED_AUTOS = YES_AGGRESSIVE;
				GCC_WARN_UNUSED_FUNCTION = YES;
				GCC_WARN_UNUSED_VARIABLE = YES;
				IPHONEOS_DEPLOYMENT_TARGET = 17.5;
				LOCALIZATION_PREFERS_STRING_CATALOGS = YES;
				MTL_ENABLE_DEBUG_INFO = INCLUDE_SOURCE;
				MTL_FAST_MATH = YES;
				ONLY_ACTIVE_ARCH = YES;
				SDKROOT = iphoneos;
				SWIFT_ACTIVE_COMPILATION_CONDITIONS = "DEBUG $(inherited)";
				SWIFT_OPTIMIZATION_LEVEL = "-Onone";
			};
			name = Debug;
		};
		D761E6CD2C66799E00473544 /* Release */ = {
			isa = XCBuildConfiguration;
			buildSettings = {
				ALWAYS_SEARCH_USER_PATHS = NO;
				ASSETCATALOG_COMPILER_GENERATE_SWIFT_ASSET_SYMBOL_EXTENSIONS = YES;
				CLANG_ANALYZER_NONNULL = YES;
				CLANG_ANALYZER_NUMBER_OBJECT_CONVERSION = YES_AGGRESSIVE;
				CLANG_CXX_LANGUAGE_STANDARD = "gnu++20";
				CLANG_ENABLE_MODULES = YES;
				CLANG_ENABLE_OBJC_ARC = YES;
				CLANG_ENABLE_OBJC_WEAK = YES;
				CLANG_WARN_BLOCK_CAPTURE_AUTORELEASING = YES;
				CLANG_WARN_BOOL_CONVERSION = YES;
				CLANG_WARN_COMMA = YES;
				CLANG_WARN_CONSTANT_CONVERSION = YES;
				CLANG_WARN_DEPRECATED_OBJC_IMPLEMENTATIONS = YES;
				CLANG_WARN_DIRECT_OBJC_ISA_USAGE = YES_ERROR;
				CLANG_WARN_DOCUMENTATION_COMMENTS = YES;
				CLANG_WARN_EMPTY_BODY = YES;
				CLANG_WARN_ENUM_CONVERSION = YES;
				CLANG_WARN_INFINITE_RECURSION = YES;
				CLANG_WARN_INT_CONVERSION = YES;
				CLANG_WARN_NON_LITERAL_NULL_CONVERSION = YES;
				CLANG_WARN_OBJC_IMPLICIT_RETAIN_SELF = YES;
				CLANG_WARN_OBJC_LITERAL_CONVERSION = YES;
				CLANG_WARN_OBJC_ROOT_CLASS = YES_ERROR;
				CLANG_WARN_QUOTED_INCLUDE_IN_FRAMEWORK_HEADER = YES;
				CLANG_WARN_RANGE_LOOP_ANALYSIS = YES;
				CLANG_WARN_STRICT_PROTOTYPES = YES;
				CLANG_WARN_SUSPICIOUS_MOVE = YES;
				CLANG_WARN_UNGUARDED_AVAILABILITY = YES_AGGRESSIVE;
				CLANG_WARN_UNREACHABLE_CODE = YES;
				CLANG_WARN__DUPLICATE_METHOD_MATCH = YES;
				COPY_PHASE_STRIP = NO;
				DEBUG_INFORMATION_FORMAT = "dwarf-with-dsym";
				ENABLE_NS_ASSERTIONS = NO;
				ENABLE_STRICT_OBJC_MSGSEND = YES;
				ENABLE_USER_SCRIPT_SANDBOXING = YES;
				GCC_C_LANGUAGE_STANDARD = gnu17;
				GCC_NO_COMMON_BLOCKS = YES;
				GCC_WARN_64_TO_32_BIT_CONVERSION = YES;
				GCC_WARN_ABOUT_RETURN_TYPE = YES_ERROR;
				GCC_WARN_UNDECLARED_SELECTOR = YES;
				GCC_WARN_UNINITIALIZED_AUTOS = YES_AGGRESSIVE;
				GCC_WARN_UNUSED_FUNCTION = YES;
				GCC_WARN_UNUSED_VARIABLE = YES;
				IPHONEOS_DEPLOYMENT_TARGET = 17.5;
				LOCALIZATION_PREFERS_STRING_CATALOGS = YES;
				MTL_ENABLE_DEBUG_INFO = NO;
				MTL_FAST_MATH = YES;
				SDKROOT = iphoneos;
				SWIFT_COMPILATION_MODE = wholemodule;
				VALIDATE_PRODUCT = YES;
			};
			name = Release;
		};
		D761E6CF2C66799E00473544 /* Debug */ = {
			isa = XCBuildConfiguration;
			buildSettings = {
				ASSETCATALOG_COMPILER_APPICON_NAME = AppIcon;
				ASSETCATALOG_COMPILER_GLOBAL_ACCENT_COLOR_NAME = AccentColor;
				CODE_SIGN_STYLE = Automatic;
				CURRENT_PROJECT_VERSION = 1;
				GENERATE_INFOPLIST_FILE = YES;
				INFOPLIST_FILE = "MVP Architecture/Info.plist";
				INFOPLIST_KEY_UIApplicationSupportsIndirectInputEvents = YES;
				INFOPLIST_KEY_UILaunchStoryboardName = LaunchScreen;
				INFOPLIST_KEY_UIMainStoryboardFile = Main;
				INFOPLIST_KEY_UISupportedInterfaceOrientations_iPad = "UIInterfaceOrientationPortrait UIInterfaceOrientationPortraitUpsideDown UIInterfaceOrientationLandscapeLeft UIInterfaceOrientationLandscapeRight";
				INFOPLIST_KEY_UISupportedInterfaceOrientations_iPhone = "UIInterfaceOrientationPortrait UIInterfaceOrientationLandscapeLeft UIInterfaceOrientationLandscapeRight";
				LD_RUNPATH_SEARCH_PATHS = (
					"$(inherited)",
					"@executable_path/Frameworks",
				);
				MARKETING_VERSION = 1.0;
				PRODUCT_BUNDLE_IDENTIFIER = "com.testproject.ios.MVP-Architecture";
				PRODUCT_NAME = "$(TARGET_NAME)";
				SWIFT_EMIT_LOC_STRINGS = YES;
				SWIFT_VERSION = 5.0;
				TARGETED_DEVICE_FAMILY = "1,2";
			};
			name = Debug;
		};
		D761E6D02C66799E00473544 /* Release */ = {
			isa = XCBuildConfiguration;
			buildSettings = {
				ASSETCATALOG_COMPILER_APPICON_NAME = AppIcon;
				ASSETCATALOG_COMPILER_GLOBAL_ACCENT_COLOR_NAME = AccentColor;
				CODE_SIGN_STYLE = Automatic;
				CURRENT_PROJECT_VERSION = 1;
				GENERATE_INFOPLIST_FILE = YES;
				INFOPLIST_FILE = "MVP Architecture/Info.plist";
				INFOPLIST_KEY_UIApplicationSupportsIndirectInputEvents = YES;
				INFOPLIST_KEY_UILaunchStoryboardName = LaunchScreen;
				INFOPLIST_KEY_UIMainStoryboardFile = Main;
				INFOPLIST_KEY_UISupportedInterfaceOrientations_iPad = "UIInterfaceOrientationPortrait UIInterfaceOrientationPortraitUpsideDown UIInterfaceOrientationLandscapeLeft UIInterfaceOrientationLandscapeRight";
				INFOPLIST_KEY_UISupportedInterfaceOrientations_iPhone = "UIInterfaceOrientationPortrait UIInterfaceOrientationLandscapeLeft UIInterfaceOrientationLandscapeRight";
				LD_RUNPATH_SEARCH_PATHS = (
					"$(inherited)",
					"@executable_path/Frameworks",
				);
				MARKETING_VERSION = 1.0;
				PRODUCT_BUNDLE_IDENTIFIER = "com.testproject.ios.MVP-Architecture";
				PRODUCT_NAME = "$(TARGET_NAME)";
				SWIFT_EMIT_LOC_STRINGS = YES;
				SWIFT_VERSION = 5.0;
				TARGETED_DEVICE_FAMILY = "1,2";
			};
			name = Release;
		};
/* End XCBuildConfiguration section */

/* Begin XCConfigurationList section */
		D761E6B52C66799B00473544 /* Build configuration list for PBXProject "MVP Architecture" */ = {
			isa = XCConfigurationList;
			buildConfigurations = (
				D761E6CC2C66799E00473544 /* Debug */,
				D761E6CD2C66799E00473544 /* Release */,
			);
			defaultConfigurationIsVisible = 0;
			defaultConfigurationName = Release;
		};
		D761E6CE2C66799E00473544 /* Build configuration list for PBXNativeTarget "MVP Architecture" */ = {
			isa = XCConfigurationList;
			buildConfigurations = (
				D761E6CF2C66799E00473544 /* Debug */,
				D761E6D02C66799E00473544 /* Release */,
			);
			defaultConfigurationIsVisible = 0;
			defaultConfigurationName = Release;
		};
/* End XCConfigurationList section */
	};
	rootObject = D761E6B22C66799B00473544 /* Project object */;
}
